
Microsoft Visual Studio Solution File, Format Version 12.00
# Visual Studio Version 17
VisualStudioVersion = 17.8.34525.116
MinimumVisualStudioVersion = 10.0.40219.1
Project("{FAE04EC0-301F-11D3-BF4B-00C04F79EFBC}") = "Week8EpicGame", "Week8EpicGame\Week8EpicGame.csproj", "{5E680B0F-0D99-4E19-8705-0FA1237C4E38}"
EndProject
Global
	GlobalSection(SolutionConfigurationPlatforms) = preSolution
		Debug|Any CPU = Debug|Any CPU
		Release|Any CPU = Release|Any CPU
	EndGlobalSection
	GlobalSection(ProjectConfigurationPlatforms) = postSolution
		{5E680B0F-0D99-4E19-8705-0FA1237C4E38}.Debug|Any CPU.ActiveCfg = Debug|Any CPU
		{5E680B0F-0D99-4E19-8705-0FA1237C4E38}.Debug|Any CPU.Build.0 = Debug|Any CPU
		{5E680B0F-0D99-4E19-8705-0FA1237C4E38}.Release|Any CPU.ActiveCfg = Release|Any CPU
		{5E680B0F-0D99-4E19-8705-0FA1237C4E38}.Release|Any CPU.Build.0 = Release|Any CPU
	EndGlobalSection
	GlobalSection(SolutionProperties) = preSolution
		HideSolutionNode = FALSE
	EndGlobalSection
	GlobalSection(ExtensibilityGlobals) = postSolution
		SolutionGuid = {3C21A067-27FC-4952-8E6F-C58E0EAE181B}
	EndGlobalSection
EndGlobal
